
Microsoft Visual Studio Solution File, Format Version 12.00
# Visual Studio Version 17
VisualStudioVersion = 17.8.34525.116
MinimumVisualStudioVersion = 10.0.40219.1
Project("{FAE04EC0-301F-11D3-BF4B-00C04F79EFBC}") = "Delegati_primjer", "Delegati_primjer\Delegati_primjer.csproj", "{9DFD149A-17E1-41D4-9A10-8A3B36A143C0}"
EndProject
Project("{FAE04EC0-301F-11D3-BF4B-00C04F79EFBC}") = "Delegati_kao_parametar", "Delegati_kao_parametar\Delegati_kao_parametar.csproj", "{2BECF929-832F-4F1E-A4A3-537EC7065E58}"
EndProject
Project("{FAE04EC0-301F-11D3-BF4B-00C04F79EFBC}") = "Delegati_multicast", "Delegati_multicast\Delegati_multicast.csproj", "{F63B221D-90F4-4133-88BF-D7B2C6A161BD}"
EndProject
Project("{FAE04EC0-301F-11D3-BF4B-00C04F79EFBC}") = "Delegati_multicast_s_povratom", "Delegati_multicast_s_povratom\Delegati_multicast_s_povratom.csproj", "{D46BAD18-F578-4A9E-B1EB-4404D161E45C}"
EndProject
Project("{FAE04EC0-301F-11D3-BF4B-00C04F79EFBC}") = "Delegati_genericki", "Delegati_genericki\Delegati_genericki.csproj", "{A64A2898-A900-4C87-A778-FAE89CA2FC37}"
EndProject
Project("{FAE04EC0-301F-11D3-BF4B-00C04F79EFBC}") = "Delegati_provjera_korisnika", "Delegati_provjera_korisnika\Delegati_provjera_korisnika.csproj", "{233DA039-E193-440C-8912-0AD31D0EE2A3}"
EndProject
Project("{FAE04EC0-301F-11D3-BF4B-00C04F79EFBC}") = "Dogadjaji_primjer", "Dogadjaji_primjer\Dogadjaji_primjer.csproj", "{A1BAE133-ABEC-438C-9E51-FDE7159A7C6B}"
EndProject
Project("{FAE04EC0-301F-11D3-BF4B-00C04F79EFBC}") = "Dogadjaji_s_ugradenim_delegatima", "Dogadjaji_s_ugradenim_delegatima\Dogadjaji_s_ugradenim_delegatima.csproj", "{A443A947-2E69-439D-9D6E-A2F95EB27BA9}"
EndProject
Project("{FAE04EC0-301F-11D3-BF4B-00C04F79EFBC}") = "dogadjaji_i_prosljedjivanje_podataka", "dogadjaji_i_prosljedjivanje_podataka\dogadjaji_i_prosljedjivanje_podataka.csproj", "{43E57934-307E-4148-A991-12622670ECCC}"
EndProject
Project("{FAE04EC0-301F-11D3-BF4B-00C04F79EFBC}") = "Dogadjaji_s_prilagodjenim_klasama", "Dogadjaji_s_prilagodjenim_klasama\Dogadjaji_s_prilagodjenim_klasama.csproj", "{A00EFA09-96A8-4042-BD5E-1BF8E5076EED}"
EndProject
Project("{FAE04EC0-301F-11D3-BF4B-00C04F79EFBC}") = "Dogadjaji_jednostavni", "Dogadjaji_jednostavni\Dogadjaji_jednostavni.csproj", "{CBDE9CD2-E163-427C-A799-5F784F21EC06}"
EndProject
Project("{FAE04EC0-301F-11D3-BF4B-00C04F79EFBC}") = "Dogadjaji_na_klik", "Dogadjaji_na_klik\Dogadjaji_na_klik.csproj", "{9953C99F-00D4-4BC9-A979-5718316E9C4C}"
EndProject
Project("{FAE04EC0-301F-11D3-BF4B-00C04F79EFBC}") = "Nullabilni_tipovi_primjer", "Nullabilni_tipovi_primjer\Nullabilni_tipovi_primjer.csproj", "{1D27A200-B60C-4BDF-AAB6-AD1075A72EF7}"
EndProject
Project("{FAE04EC0-301F-11D3-BF4B-00C04F79EFBC}") = "Nullabilni_tipovi_kratice", "Nullabilni_tipovi_kratice\Nullabilni_tipovi_kratice.csproj", "{DDD0A65D-FC32-41B3-840D-F3A48D7A0837}"
EndProject
Project("{FAE04EC0-301F-11D3-BF4B-00C04F79EFBC}") = "Nullabilni_tipovi_s_uvjetima", "Nullabilni_tipovi_s_uvjetima\Nullabilni_tipovi_s_uvjetima.csproj", "{CB629232-3D7C-427C-8BF1-DD34DA893EDC}"
EndProject
Project("{FAE04EC0-301F-11D3-BF4B-00C04F79EFBC}") = "Lambda_izrazi_primjer", "Lambda_izrazi_primjer\Lambda_izrazi_primjer.csproj", "{0A938AD3-9456-4487-B725-1A9517F5CEB7}"
EndProject
Project("{FAE04EC0-301F-11D3-BF4B-00C04F79EFBC}") = "Lambda_izrazi_sa_svojstvima_klase", "Lambda_izrazi_sa_svojstvima_klase\Lambda_izrazi_sa_svojstvima_klase.csproj", "{B0B76FF3-63F7-4DF7-B346-529705DA3988}"
EndProject
Project("{FAE04EC0-301F-11D3-BF4B-00C04F79EFBC}") = "Lambda_izrazi_i_uvjeti", "Lambda_izrazi_i_uvjeti\Lambda_izrazi_i_uvjeti.csproj", "{1B19FDF2-8234-461D-B5E2-EDA4A4E2B953}"
EndProject
Project("{FAE04EC0-301F-11D3-BF4B-00C04F79EFBC}") = "Lambda_izrazi_i_array", "Lambda_izrazi_i_array\Lambda_izrazi_i_array.csproj", "{2BE94558-4E63-4F89-ADBE-B74A7BFC3CC0}"
EndProject
Project("{FAE04EC0-301F-11D3-BF4B-00C04F79EFBC}") = "Lambda_izrazi_i_anonimne_metode", "Lambda_izrazi_i_anonimne_metode\Lambda_izrazi_i_anonimne_metode.csproj", "{FA8841C3-E7FA-4286-9D73-62F36FB3483A}"
EndProject
Project("{FAE04EC0-301F-11D3-BF4B-00C04F79EFBC}") = "Lambda_izrazi_s_metodama", "Lambda_izrazi_s_metodama\Lambda_izrazi_s_metodama.csproj", "{8DBC8FAC-A6CB-4153-82F9-DB3E737B33B1}"
EndProject
Project("{FAE04EC0-301F-11D3-BF4B-00C04F79EFBC}") = "Lambda_izrazi_greske", "Lambda_izrazi_greske\Lambda_izrazi_greske.csproj", "{660092E4-BE9A-4C0E-B534-6CA060E8E0BB}"
EndProject
Project("{FAE04EC0-301F-11D3-BF4B-00C04F79EFBC}") = "Lambda_izrazi_vs_delegati", "Lambda_izrazi_vs_delegati\Lambda_izrazi_vs_delegati.csproj", "{A4F38247-F437-45E9-8A45-EF1D177D1481}"
EndProject
Project("{FAE04EC0-301F-11D3-BF4B-00C04F79EFBC}") = "Iznimke_primjer", "Iznimke_primjer\Iznimke_primjer.csproj", "{26498915-531C-4729-A486-36E429A8C6A5}"
EndProject
Project("{FAE04EC0-301F-11D3-BF4B-00C04F79EFBC}") = "Iznimke_korisnicki_definirane", "Iznimke_korisnicki_definirane\Iznimke_korisnicki_definirane.csproj", "{2E94B92F-F520-4ABE-94BB-08B851E38771}"
EndProject
Project("{FAE04EC0-301F-11D3-BF4B-00C04F79EFBC}") = "Iznimke_jednostavne", "Iznimke_jednostavne\Iznimke_jednostavne.csproj", "{19787883-5527-43E6-BC53-2BDB7C9B1750}"
EndProject
Project("{FAE04EC0-301F-11D3-BF4B-00C04F79EFBC}") = "Iznimke_filtriranje", "Iznimke_filtriranje\Iznimke_filtriranje.csproj", "{D4643EB6-6061-4B44-A6EE-A3CE6D58CE37}"
EndProject
Project("{FAE04EC0-301F-11D3-BF4B-00C04F79EFBC}") = "Iznimke_ugnjezdjivanje", "Iznimke_ugnjezdjivanje\Iznimke_ugnjezdjivanje.csproj", "{CCB56F17-E356-4FEA-9AC1-DE94438AD304}"
EndProject
Project("{FAE04EC0-301F-11D3-BF4B-00C04F79EFBC}") = "Iznimke_nad_rac_operacijama", "Iznimke_nad_rac_operacijama\Iznimke_nad_rac_operacijama.csproj", "{482FADCE-1628-4366-9CA1-AA0D61A0B78F}"
EndProject
Project("{FAE04EC0-301F-11D3-BF4B-00C04F79EFBC}") = "Iznimke_datoteke", "Iznimke_datoteke\Iznimke_datoteke.csproj", "{C43E0C0E-4748-428A-85A1-E405B20F40F3}"
EndProject
Project("{FAE04EC0-301F-11D3-BF4B-00C04F79EFBC}") = "Anonimni_tipovi_primjer", "Anonimni_tipovi_primjer\Anonimni_tipovi_primjer.csproj", "{A783B2A0-29F7-44EB-BDFF-7A6D2100F04A}"
EndProject
Project("{FAE04EC0-301F-11D3-BF4B-00C04F79EFBC}") = "Anonimne_metode_primjer", "Anonimne_metode_primjer\Anonimne_metode_primjer.csproj", "{2BF4CD62-F77B-4592-B513-D3CA14554487}"
EndProject
Project("{FAE04EC0-301F-11D3-BF4B-00C04F79EFBC}") = "Anonimne_metode_i_delegati", "Anonimne_metode_i_delegati\Anonimne_metode_i_delegati.csproj", "{67B73A25-EDD4-4096-BB6C-A834C0387D83}"
EndProject
Project("{FAE04EC0-301F-11D3-BF4B-00C04F79EFBC}") = "Anonimne_metode_i_izmjena_brojeva", "Anonimne_metode_i_izmjena_brojeva\Anonimne_metode_i_izmjena_brojeva.csproj", "{84735ED0-2AE4-4D56-9E88-A3296C328D3F}"
EndProject
Project("{FAE04EC0-301F-11D3-BF4B-00C04F79EFBC}") = "Anonimne_metode_i_vanjske_varijable", "Anonimne_metode_i_vanjske_varijable\Anonimne_metode_i_vanjske_varijable.csproj", "{41CE4B44-ED1D-4CAD-9406-9ED59C615801}"
EndProject
Project("{FAE04EC0-301F-11D3-BF4B-00C04F79EFBC}") = "Anonimne_metode_i_vanjske_klase", "Anonimne_metode_i_vanjske_klase\Anonimne_metode_i_vanjske_klase.csproj", "{C684C43E-7F10-4860-BF2D-692A3B8C281B}"
EndProject
Project("{FAE04EC0-301F-11D3-BF4B-00C04F79EFBC}") = "Extension_methods_primjer", "Extension_methods_primjer\Extension_methods_primjer.csproj", "{514C66B1-64D0-4281-903E-CB914A84D713}"
EndProject
Project("{FAE04EC0-301F-11D3-BF4B-00C04F79EFBC}") = "Extension_methods.Library", "Extension_methods.Library\Extension_methods.Library.csproj", "{66C7BB67-9C6A-4425-AA56-E6EAB6E3E51A}"
EndProject
Project("{FAE04EC0-301F-11D3-BF4B-00C04F79EFBC}") = "Extension_methods.Konzola", "Extension_methods.Konzola\Extension_methods.Konzola.csproj", "{54502D45-F46A-4094-829C-564986871F2D}"
EndProject
Project("{FAE04EC0-301F-11D3-BF4B-00C04F79EFBC}") = "Serializacija_primjer", "Serializacija_primjer\Serializacija_primjer.csproj", "{B6FE603D-3595-44CF-99AC-0DE4C279C3D0}"
EndProject
Project("{FAE04EC0-301F-11D3-BF4B-00C04F79EFBC}") = "Serializacija_dodatni_primjer", "Serializacija_dodatni_primjer\Serializacija_dodatni_primjer.csproj", "{B1EF23F4-4586-4574-8956-3AAD9E9A8787}"
EndProject
Project("{FAE04EC0-301F-11D3-BF4B-00C04F79EFBC}") = "Serializacija_JSON", "Serializacija_JSON\Serializacija_JSON.csproj", "{EE41181D-13A5-4CBB-8740-3894960D3AB7}"
EndProject
Project("{FAE04EC0-301F-11D3-BF4B-00C04F79EFBC}") = "Serializacija.Library", "Serializacija.Library\Serializacija.Library.csproj", "{69DC7BE2-B9F3-42E7-86EF-319041B47C7C}"
EndProject
Project("{FAE04EC0-301F-11D3-BF4B-00C04F79EFBC}") = "Serializacija.Konzola", "Serializacija.Konzola\Serializacija.Konzola.csproj", "{982D3907-C3C0-473E-B17B-E40D8FF27085}"
EndProject
Project("{FAE04EC0-301F-11D3-BF4B-00C04F79EFBC}") = "Serializacija_HNB", "Serializacija_HNB\Serializacija_HNB.csproj", "{04F7D47F-B1DA-489C-85AE-A7BA39AA5A16}"
EndProject
Project("{FAE04EC0-301F-11D3-BF4B-00C04F79EFBC}") = "Sucelja_za_ferrari", "Sucelja_za_ferrari\Sucelja_za_ferrari.csproj", "{461215D1-BE4E-4142-8F87-32C599DE0DF7}"
EndProject
Project("{FAE04EC0-301F-11D3-BF4B-00C04F79EFBC}") = "Kolekcije_i_hijerarhija", "Kolekcije_i_hijerarhija\Kolekcije_i_hijerarhija.csproj", "{CE3BA9E6-4950-4C01-B1A7-1F6673189163}"
EndProject
Project("{FAE04EC0-301F-11D3-BF4B-00C04F79EFBC}") = "Kolekcije_slijed_s_redom", "Kolekcije_slijed_s_redom\Kolekcije_slijed_s_redom.csproj", "{54AC8EED-8BFD-469F-8572-A492068E8F59}"
EndProject
Project("{FAE04EC0-301F-11D3-BF4B-00C04F79EFBC}") = "Sucelja_ali_eksplicitna", "Sucelja_ali_eksplicitna\Sucelja_ali_eksplicitna.csproj", "{191B77E4-2818-4A26-9258-A020A425C1BA}"
EndProject
Global
	GlobalSection(SolutionConfigurationPlatforms) = preSolution
		Debug|Any CPU = Debug|Any CPU
		Release|Any CPU = Release|Any CPU
	EndGlobalSection
	GlobalSection(ProjectConfigurationPlatforms) = postSolution
		{9DFD149A-17E1-41D4-9A10-8A3B36A143C0}.Debug|Any CPU.ActiveCfg = Debug|Any CPU
		{9DFD149A-17E1-41D4-9A10-8A3B36A143C0}.Debug|Any CPU.Build.0 = Debug|Any CPU
		{9DFD149A-17E1-41D4-9A10-8A3B36A143C0}.Release|Any CPU.ActiveCfg = Release|Any CPU
		{9DFD149A-17E1-41D4-9A10-8A3B36A143C0}.Release|Any CPU.Build.0 = Release|Any CPU
		{2BECF929-832F-4F1E-A4A3-537EC7065E58}.Debug|Any CPU.ActiveCfg = Debug|Any CPU
		{2BECF929-832F-4F1E-A4A3-537EC7065E58}.Debug|Any CPU.Build.0 = Debug|Any CPU
		{2BECF929-832F-4F1E-A4A3-537EC7065E58}.Release|Any CPU.ActiveCfg = Release|Any CPU
		{2BECF929-832F-4F1E-A4A3-537EC7065E58}.Release|Any CPU.Build.0 = Release|Any CPU
		{F63B221D-90F4-4133-88BF-D7B2C6A161BD}.Debug|Any CPU.ActiveCfg = Debug|Any CPU
		{F63B221D-90F4-4133-88BF-D7B2C6A161BD}.Debug|Any CPU.Build.0 = Debug|Any CPU
		{F63B221D-90F4-4133-88BF-D7B2C6A161BD}.Release|Any CPU.ActiveCfg = Release|Any CPU
		{F63B221D-90F4-4133-88BF-D7B2C6A161BD}.Release|Any CPU.Build.0 = Release|Any CPU
		{D46BAD18-F578-4A9E-B1EB-4404D161E45C}.Debug|Any CPU.ActiveCfg = Debug|Any CPU
		{D46BAD18-F578-4A9E-B1EB-4404D161E45C}.Debug|Any CPU.Build.0 = Debug|Any CPU
		{D46BAD18-F578-4A9E-B1EB-4404D161E45C}.Release|Any CPU.ActiveCfg = Release|Any CPU
		{D46BAD18-F578-4A9E-B1EB-4404D161E45C}.Release|Any CPU.Build.0 = Release|Any CPU
		{A64A2898-A900-4C87-A778-FAE89CA2FC37}.Debug|Any CPU.ActiveCfg = Debug|Any CPU
		{A64A2898-A900-4C87-A778-FAE89CA2FC37}.Debug|Any CPU.Build.0 = Debug|Any CPU
		{A64A2898-A900-4C87-A778-FAE89CA2FC37}.Release|Any CPU.ActiveCfg = Release|Any CPU
		{A64A2898-A900-4C87-A778-FAE89CA2FC37}.Release|Any CPU.Build.0 = Release|Any CPU
		{233DA039-E193-440C-8912-0AD31D0EE2A3}.Debug|Any CPU.ActiveCfg = Debug|Any CPU
		{233DA039-E193-440C-8912-0AD31D0EE2A3}.Debug|Any CPU.Build.0 = Debug|Any CPU
		{233DA039-E193-440C-8912-0AD31D0EE2A3}.Release|Any CPU.ActiveCfg = Release|Any CPU
		{233DA039-E193-440C-8912-0AD31D0EE2A3}.Release|Any CPU.Build.0 = Release|Any CPU
		{A1BAE133-ABEC-438C-9E51-FDE7159A7C6B}.Debug|Any CPU.ActiveCfg = Debug|Any CPU
		{A1BAE133-ABEC-438C-9E51-FDE7159A7C6B}.Debug|Any CPU.Build.0 = Debug|Any CPU
		{A1BAE133-ABEC-438C-9E51-FDE7159A7C6B}.Release|Any CPU.ActiveCfg = Release|Any CPU
		{A1BAE133-ABEC-438C-9E51-FDE7159A7C6B}.Release|Any CPU.Build.0 = Release|Any CPU
		{A443A947-2E69-439D-9D6E-A2F95EB27BA9}.Debug|Any CPU.ActiveCfg = Debug|Any CPU
		{A443A947-2E69-439D-9D6E-A2F95EB27BA9}.Debug|Any CPU.Build.0 = Debug|Any CPU
		{A443A947-2E69-439D-9D6E-A2F95EB27BA9}.Release|Any CPU.ActiveCfg = Release|Any CPU
		{A443A947-2E69-439D-9D6E-A2F95EB27BA9}.Release|Any CPU.Build.0 = Release|Any CPU
		{43E57934-307E-4148-A991-12622670ECCC}.Debug|Any CPU.ActiveCfg = Debug|Any CPU
		{43E57934-307E-4148-A991-12622670ECCC}.Debug|Any CPU.Build.0 = Debug|Any CPU
		{43E57934-307E-4148-A991-12622670ECCC}.Release|Any CPU.ActiveCfg = Release|Any CPU
		{43E57934-307E-4148-A991-12622670ECCC}.Release|Any CPU.Build.0 = Release|Any CPU
		{A00EFA09-96A8-4042-BD5E-1BF8E5076EED}.Debug|Any CPU.ActiveCfg = Debug|Any CPU
		{A00EFA09-96A8-4042-BD5E-1BF8E5076EED}.Debug|Any CPU.Build.0 = Debug|Any CPU
		{A00EFA09-96A8-4042-BD5E-1BF8E5076EED}.Release|Any CPU.ActiveCfg = Release|Any CPU
		{A00EFA09-96A8-4042-BD5E-1BF8E5076EED}.Release|Any CPU.Build.0 = Release|Any CPU
		{CBDE9CD2-E163-427C-A799-5F784F21EC06}.Debug|Any CPU.ActiveCfg = Debug|Any CPU
		{CBDE9CD2-E163-427C-A799-5F784F21EC06}.Debug|Any CPU.Build.0 = Debug|Any CPU
		{CBDE9CD2-E163-427C-A799-5F784F21EC06}.Release|Any CPU.ActiveCfg = Release|Any CPU
		{CBDE9CD2-E163-427C-A799-5F784F21EC06}.Release|Any CPU.Build.0 = Release|Any CPU
		{9953C99F-00D4-4BC9-A979-5718316E9C4C}.Debug|Any CPU.ActiveCfg = Debug|Any CPU
		{9953C99F-00D4-4BC9-A979-5718316E9C4C}.Debug|Any CPU.Build.0 = Debug|Any CPU
		{9953C99F-00D4-4BC9-A979-5718316E9C4C}.Release|Any CPU.ActiveCfg = Release|Any CPU
		{9953C99F-00D4-4BC9-A979-5718316E9C4C}.Release|Any CPU.Build.0 = Release|Any CPU
		{1D27A200-B60C-4BDF-AAB6-AD1075A72EF7}.Debug|Any CPU.ActiveCfg = Debug|Any CPU
		{1D27A200-B60C-4BDF-AAB6-AD1075A72EF7}.Debug|Any CPU.Build.0 = Debug|Any CPU
		{1D27A200-B60C-4BDF-AAB6-AD1075A72EF7}.Release|Any CPU.ActiveCfg = Release|Any CPU
		{1D27A200-B60C-4BDF-AAB6-AD1075A72EF7}.Release|Any CPU.Build.0 = Release|Any CPU
		{DDD0A65D-FC32-41B3-840D-F3A48D7A0837}.Debug|Any CPU.ActiveCfg = Debug|Any CPU
		{DDD0A65D-FC32-41B3-840D-F3A48D7A0837}.Debug|Any CPU.Build.0 = Debug|Any CPU
		{DDD0A65D-FC32-41B3-840D-F3A48D7A0837}.Release|Any CPU.ActiveCfg = Release|Any CPU
		{DDD0A65D-FC32-41B3-840D-F3A48D7A0837}.Release|Any CPU.Build.0 = Release|Any CPU
		{CB629232-3D7C-427C-8BF1-DD34DA893EDC}.Debug|Any CPU.ActiveCfg = Debug|Any CPU
		{CB629232-3D7C-427C-8BF1-DD34DA893EDC}.Debug|Any CPU.Build.0 = Debug|Any CPU
		{CB629232-3D7C-427C-8BF1-DD34DA893EDC}.Release|Any CPU.ActiveCfg = Release|Any CPU
		{CB629232-3D7C-427C-8BF1-DD34DA893EDC}.Release|Any CPU.Build.0 = Release|Any CPU
		{0A938AD3-9456-4487-B725-1A9517F5CEB7}.Debug|Any CPU.ActiveCfg = Debug|Any CPU
		{0A938AD3-9456-4487-B725-1A9517F5CEB7}.Debug|Any CPU.Build.0 = Debug|Any CPU
		{0A938AD3-9456-4487-B725-1A9517F5CEB7}.Release|Any CPU.ActiveCfg = Release|Any CPU
		{0A938AD3-9456-4487-B725-1A9517F5CEB7}.Release|Any CPU.Build.0 = Release|Any CPU
		{B0B76FF3-63F7-4DF7-B346-529705DA3988}.Debug|Any CPU.ActiveCfg = Debug|Any CPU
		{B0B76FF3-63F7-4DF7-B346-529705DA3988}.Debug|Any CPU.Build.0 = Debug|Any CPU
		{B0B76FF3-63F7-4DF7-B346-529705DA3988}.Release|Any CPU.ActiveCfg = Release|Any CPU
		{B0B76FF3-63F7-4DF7-B346-529705DA3988}.Release|Any CPU.Build.0 = Release|Any CPU
		{1B19FDF2-8234-461D-B5E2-EDA4A4E2B953}.Debug|Any CPU.ActiveCfg = Debug|Any CPU
		{1B19FDF2-8234-461D-B5E2-EDA4A4E2B953}.Debug|Any CPU.Build.0 = Debug|Any CPU
		{1B19FDF2-8234-461D-B5E2-EDA4A4E2B953}.Release|Any CPU.ActiveCfg = Release|Any CPU
		{1B19FDF2-8234-461D-B5E2-EDA4A4E2B953}.Release|Any CPU.Build.0 = Release|Any CPU
		{2BE94558-4E63-4F89-ADBE-B74A7BFC3CC0}.Debug|Any CPU.ActiveCfg = Debug|Any CPU
		{2BE94558-4E63-4F89-ADBE-B74A7BFC3CC0}.Debug|Any CPU.Build.0 = Debug|Any CPU
		{2BE94558-4E63-4F89-ADBE-B74A7BFC3CC0}.Release|Any CPU.ActiveCfg = Release|Any CPU
		{2BE94558-4E63-4F89-ADBE-B74A7BFC3CC0}.Release|Any CPU.Build.0 = Release|Any CPU
		{FA8841C3-E7FA-4286-9D73-62F36FB3483A}.Debug|Any CPU.ActiveCfg = Debug|Any CPU
		{FA8841C3-E7FA-4286-9D73-62F36FB3483A}.Debug|Any CPU.Build.0 = Debug|Any CPU
		{FA8841C3-E7FA-4286-9D73-62F36FB3483A}.Release|Any CPU.ActiveCfg = Release|Any CPU
		{FA8841C3-E7FA-4286-9D73-62F36FB3483A}.Release|Any CPU.Build.0 = Release|Any CPU
		{8DBC8FAC-A6CB-4153-82F9-DB3E737B33B1}.Debug|Any CPU.ActiveCfg = Debug|Any CPU
		{8DBC8FAC-A6CB-4153-82F9-DB3E737B33B1}.Debug|Any CPU.Build.0 = Debug|Any CPU
		{8DBC8FAC-A6CB-4153-82F9-DB3E737B33B1}.Release|Any CPU.ActiveCfg = Release|Any CPU
		{8DBC8FAC-A6CB-4153-82F9-DB3E737B33B1}.Release|Any CPU.Build.0 = Release|Any CPU
		{660092E4-BE9A-4C0E-B534-6CA060E8E0BB}.Debug|Any CPU.ActiveCfg = Debug|Any CPU
		{660092E4-BE9A-4C0E-B534-6CA060E8E0BB}.Debug|Any CPU.Build.0 = Debug|Any CPU
		{660092E4-BE9A-4C0E-B534-6CA060E8E0BB}.Release|Any CPU.ActiveCfg = Release|Any CPU
		{660092E4-BE9A-4C0E-B534-6CA060E8E0BB}.Release|Any CPU.Build.0 = Release|Any CPU
		{A4F38247-F437-45E9-8A45-EF1D177D1481}.Debug|Any CPU.ActiveCfg = Debug|Any CPU
		{A4F38247-F437-45E9-8A45-EF1D177D1481}.Debug|Any CPU.Build.0 = Debug|Any CPU
		{A4F38247-F437-45E9-8A45-EF1D177D1481}.Release|Any CPU.ActiveCfg = Release|Any CPU
		{A4F38247-F437-45E9-8A45-EF1D177D1481}.Release|Any CPU.Build.0 = Release|Any CPU
		{26498915-531C-4729-A486-36E429A8C6A5}.Debug|Any CPU.ActiveCfg = Debug|Any CPU
		{26498915-531C-4729-A486-36E429A8C6A5}.Debug|Any CPU.Build.0 = Debug|Any CPU
		{26498915-531C-4729-A486-36E429A8C6A5}.Release|Any CPU.ActiveCfg = Release|Any CPU
		{26498915-531C-4729-A486-36E429A8C6A5}.Release|Any CPU.Build.0 = Release|Any CPU
		{2E94B92F-F520-4ABE-94BB-08B851E38771}.Debug|Any CPU.ActiveCfg = Debug|Any CPU
		{2E94B92F-F520-4ABE-94BB-08B851E38771}.Debug|Any CPU.Build.0 = Debug|Any CPU
		{2E94B92F-F520-4ABE-94BB-08B851E38771}.Release|Any CPU.ActiveCfg = Release|Any CPU
		{2E94B92F-F520-4ABE-94BB-08B851E38771}.Release|Any CPU.Build.0 = Release|Any CPU
		{19787883-5527-43E6-BC53-2BDB7C9B1750}.Debug|Any CPU.ActiveCfg = Debug|Any CPU
		{19787883-5527-43E6-BC53-2BDB7C9B1750}.Debug|Any CPU.Build.0 = Debug|Any CPU
		{19787883-5527-43E6-BC53-2BDB7C9B1750}.Release|Any CPU.ActiveCfg = Release|Any CPU
		{19787883-5527-43E6-BC53-2BDB7C9B1750}.Release|Any CPU.Build.0 = Release|Any CPU
		{D4643EB6-6061-4B44-A6EE-A3CE6D58CE37}.Debug|Any CPU.ActiveCfg = Debug|Any CPU
		{D4643EB6-6061-4B44-A6EE-A3CE6D58CE37}.Debug|Any CPU.Build.0 = Debug|Any CPU
		{D4643EB6-6061-4B44-A6EE-A3CE6D58CE37}.Release|Any CPU.ActiveCfg = Release|Any CPU
		{D4643EB6-6061-4B44-A6EE-A3CE6D58CE37}.Release|Any CPU.Build.0 = Release|Any CPU
		{CCB56F17-E356-4FEA-9AC1-DE94438AD304}.Debug|Any CPU.ActiveCfg = Debug|Any CPU
		{CCB56F17-E356-4FEA-9AC1-DE94438AD304}.Debug|Any CPU.Build.0 = Debug|Any CPU
		{CCB56F17-E356-4FEA-9AC1-DE94438AD304}.Release|Any CPU.ActiveCfg = Release|Any CPU
		{CCB56F17-E356-4FEA-9AC1-DE94438AD304}.Release|Any CPU.Build.0 = Release|Any CPU
		{482FADCE-1628-4366-9CA1-AA0D61A0B78F}.Debug|Any CPU.ActiveCfg = Debug|Any CPU
		{482FADCE-1628-4366-9CA1-AA0D61A0B78F}.Debug|Any CPU.Build.0 = Debug|Any CPU
		{482FADCE-1628-4366-9CA1-AA0D61A0B78F}.Release|Any CPU.ActiveCfg = Release|Any CPU
		{482FADCE-1628-4366-9CA1-AA0D61A0B78F}.Release|Any CPU.Build.0 = Release|Any CPU
		{C43E0C0E-4748-428A-85A1-E405B20F40F3}.Debug|Any CPU.ActiveCfg = Debug|Any CPU
		{C43E0C0E-4748-428A-85A1-E405B20F40F3}.Debug|Any CPU.Build.0 = Debug|Any CPU
		{C43E0C0E-4748-428A-85A1-E405B20F40F3}.Release|Any CPU.ActiveCfg = Release|Any CPU
		{C43E0C0E-4748-428A-85A1-E405B20F40F3}.Release|Any CPU.Build.0 = Release|Any CPU
		{A783B2A0-29F7-44EB-BDFF-7A6D2100F04A}.Debug|Any CPU.ActiveCfg = Debug|Any CPU
		{A783B2A0-29F7-44EB-BDFF-7A6D2100F04A}.Debug|Any CPU.Build.0 = Debug|Any CPU
		{A783B2A0-29F7-44EB-BDFF-7A6D2100F04A}.Release|Any CPU.ActiveCfg = Release|Any CPU
		{A783B2A0-29F7-44EB-BDFF-7A6D2100F04A}.Release|Any CPU.Build.0 = Release|Any CPU
		{2BF4CD62-F77B-4592-B513-D3CA14554487}.Debug|Any CPU.ActiveCfg = Debug|Any CPU
		{2BF4CD62-F77B-4592-B513-D3CA14554487}.Debug|Any CPU.Build.0 = Debug|Any CPU
		{2BF4CD62-F77B-4592-B513-D3CA14554487}.Release|Any CPU.ActiveCfg = Release|Any CPU
		{2BF4CD62-F77B-4592-B513-D3CA14554487}.Release|Any CPU.Build.0 = Release|Any CPU
		{67B73A25-EDD4-4096-BB6C-A834C0387D83}.Debug|Any CPU.ActiveCfg = Debug|Any CPU
		{67B73A25-EDD4-4096-BB6C-A834C0387D83}.Debug|Any CPU.Build.0 = Debug|Any CPU
		{67B73A25-EDD4-4096-BB6C-A834C0387D83}.Release|Any CPU.ActiveCfg = Release|Any CPU
		{67B73A25-EDD4-4096-BB6C-A834C0387D83}.Release|Any CPU.Build.0 = Release|Any CPU
		{84735ED0-2AE4-4D56-9E88-A3296C328D3F}.Debug|Any CPU.ActiveCfg = Debug|Any CPU
		{84735ED0-2AE4-4D56-9E88-A3296C328D3F}.Debug|Any CPU.Build.0 = Debug|Any CPU
		{84735ED0-2AE4-4D56-9E88-A3296C328D3F}.Release|Any CPU.ActiveCfg = Release|Any CPU
		{84735ED0-2AE4-4D56-9E88-A3296C328D3F}.Release|Any CPU.Build.0 = Release|Any CPU
		{41CE4B44-ED1D-4CAD-9406-9ED59C615801}.Debug|Any CPU.ActiveCfg = Debug|Any CPU
		{41CE4B44-ED1D-4CAD-9406-9ED59C615801}.Debug|Any CPU.Build.0 = Debug|Any CPU
		{41CE4B44-ED1D-4CAD-9406-9ED59C615801}.Release|Any CPU.ActiveCfg = Release|Any CPU
		{41CE4B44-ED1D-4CAD-9406-9ED59C615801}.Release|Any CPU.Build.0 = Release|Any CPU
		{C684C43E-7F10-4860-BF2D-692A3B8C281B}.Debug|Any CPU.ActiveCfg = Debug|Any CPU
		{C684C43E-7F10-4860-BF2D-692A3B8C281B}.Debug|Any CPU.Build.0 = Debug|Any CPU
		{C684C43E-7F10-4860-BF2D-692A3B8C281B}.Release|Any CPU.ActiveCfg = Release|Any CPU
		{C684C43E-7F10-4860-BF2D-692A3B8C281B}.Release|Any CPU.Build.0 = Release|Any CPU
		{514C66B1-64D0-4281-903E-CB914A84D713}.Debug|Any CPU.ActiveCfg = Debug|Any CPU
		{514C66B1-64D0-4281-903E-CB914A84D713}.Debug|Any CPU.Build.0 = Debug|Any CPU
		{514C66B1-64D0-4281-903E-CB914A84D713}.Release|Any CPU.ActiveCfg = Release|Any CPU
		{514C66B1-64D0-4281-903E-CB914A84D713}.Release|Any CPU.Build.0 = Release|Any CPU
		{66C7BB67-9C6A-4425-AA56-E6EAB6E3E51A}.Debug|Any CPU.ActiveCfg = Debug|Any CPU
		{66C7BB67-9C6A-4425-AA56-E6EAB6E3E51A}.Debug|Any CPU.Build.0 = Debug|Any CPU
		{66C7BB67-9C6A-4425-AA56-E6EAB6E3E51A}.Release|Any CPU.ActiveCfg = Release|Any CPU
		{66C7BB67-9C6A-4425-AA56-E6EAB6E3E51A}.Release|Any CPU.Build.0 = Release|Any CPU
		{54502D45-F46A-4094-829C-564986871F2D}.Debug|Any CPU.ActiveCfg = Debug|Any CPU
		{54502D45-F46A-4094-829C-564986871F2D}.Debug|Any CPU.Build.0 = Debug|Any CPU
		{54502D45-F46A-4094-829C-564986871F2D}.Release|Any CPU.ActiveCfg = Release|Any CPU
		{54502D45-F46A-4094-829C-564986871F2D}.Release|Any CPU.Build.0 = Release|Any CPU
		{B6FE603D-3595-44CF-99AC-0DE4C279C3D0}.Debug|Any CPU.ActiveCfg = Debug|Any CPU
		{B6FE603D-3595-44CF-99AC-0DE4C279C3D0}.Debug|Any CPU.Build.0 = Debug|Any CPU
		{B6FE603D-3595-44CF-99AC-0DE4C279C3D0}.Release|Any CPU.ActiveCfg = Release|Any CPU
		{B6FE603D-3595-44CF-99AC-0DE4C279C3D0}.Release|Any CPU.Build.0 = Release|Any CPU
		{B1EF23F4-4586-4574-8956-3AAD9E9A8787}.Debug|Any CPU.ActiveCfg = Debug|Any CPU
		{B1EF23F4-4586-4574-8956-3AAD9E9A8787}.Debug|Any CPU.Build.0 = Debug|Any CPU
		{B1EF23F4-4586-4574-8956-3AAD9E9A8787}.Release|Any CPU.ActiveCfg = Release|Any CPU
		{B1EF23F4-4586-4574-8956-3AAD9E9A8787}.Release|Any CPU.Build.0 = Release|Any CPU
		{EE41181D-13A5-4CBB-8740-3894960D3AB7}.Debug|Any CPU.ActiveCfg = Debug|Any CPU
		{EE41181D-13A5-4CBB-8740-3894960D3AB7}.Debug|Any CPU.Build.0 = Debug|Any CPU
		{EE41181D-13A5-4CBB-8740-3894960D3AB7}.Release|Any CPU.ActiveCfg = Release|Any CPU
		{EE41181D-13A5-4CBB-8740-3894960D3AB7}.Release|Any CPU.Build.0 = Release|Any CPU
		{69DC7BE2-B9F3-42E7-86EF-319041B47C7C}.Debug|Any CPU.ActiveCfg = Debug|Any CPU
		{69DC7BE2-B9F3-42E7-86EF-319041B47C7C}.Debug|Any CPU.Build.0 = Debug|Any CPU
		{69DC7BE2-B9F3-42E7-86EF-319041B47C7C}.Release|Any CPU.ActiveCfg = Release|Any CPU
		{69DC7BE2-B9F3-42E7-86EF-319041B47C7C}.Release|Any CPU.Build.0 = Release|Any CPU
		{982D3907-C3C0-473E-B17B-E40D8FF27085}.Debug|Any CPU.ActiveCfg = Debug|Any CPU
		{982D3907-C3C0-473E-B17B-E40D8FF27085}.Debug|Any CPU.Build.0 = Debug|Any CPU
		{982D3907-C3C0-473E-B17B-E40D8FF27085}.Release|Any CPU.ActiveCfg = Release|Any CPU
		{982D3907-C3C0-473E-B17B-E40D8FF27085}.Release|Any CPU.Build.0 = Release|Any CPU
		{04F7D47F-B1DA-489C-85AE-A7BA39AA5A16}.Debug|Any CPU.ActiveCfg = Debug|Any CPU
		{04F7D47F-B1DA-489C-85AE-A7BA39AA5A16}.Debug|Any CPU.Build.0 = Debug|Any CPU
		{04F7D47F-B1DA-489C-85AE-A7BA39AA5A16}.Release|Any CPU.ActiveCfg = Release|Any CPU
		{04F7D47F-B1DA-489C-85AE-A7BA39AA5A16}.Release|Any CPU.Build.0 = Release|Any CPU
		{461215D1-BE4E-4142-8F87-32C599DE0DF7}.Debug|Any CPU.ActiveCfg = Debug|Any CPU
		{461215D1-BE4E-4142-8F87-32C599DE0DF7}.Debug|Any CPU.Build.0 = Debug|Any CPU
		{461215D1-BE4E-4142-8F87-32C599DE0DF7}.Release|Any CPU.ActiveCfg = Release|Any CPU
		{461215D1-BE4E-4142-8F87-32C599DE0DF7}.Release|Any CPU.Build.0 = Release|Any CPU
		{CE3BA9E6-4950-4C01-B1A7-1F6673189163}.Debug|Any CPU.ActiveCfg = Debug|Any CPU
		{CE3BA9E6-4950-4C01-B1A7-1F6673189163}.Debug|Any CPU.Build.0 = Debug|Any CPU
		{CE3BA9E6-4950-4C01-B1A7-1F6673189163}.Release|Any CPU.ActiveCfg = Release|Any CPU
		{CE3BA9E6-4950-4C01-B1A7-1F6673189163}.Release|Any CPU.Build.0 = Release|Any CPU
		{54AC8EED-8BFD-469F-8572-A492068E8F59}.Debug|Any CPU.ActiveCfg = Debug|Any CPU
		{54AC8EED-8BFD-469F-8572-A492068E8F59}.Debug|Any CPU.Build.0 = Debug|Any CPU
		{54AC8EED-8BFD-469F-8572-A492068E8F59}.Release|Any CPU.ActiveCfg = Release|Any CPU
		{54AC8EED-8BFD-469F-8572-A492068E8F59}.Release|Any CPU.Build.0 = Release|Any CPU
		{191B77E4-2818-4A26-9258-A020A425C1BA}.Debug|Any CPU.ActiveCfg = Debug|Any CPU
		{191B77E4-2818-4A26-9258-A020A425C1BA}.Debug|Any CPU.Build.0 = Debug|Any CPU
		{191B77E4-2818-4A26-9258-A020A425C1BA}.Release|Any CPU.ActiveCfg = Release|Any CPU
		{191B77E4-2818-4A26-9258-A020A425C1BA}.Release|Any CPU.Build.0 = Release|Any CPU
	EndGlobalSection
	GlobalSection(SolutionProperties) = preSolution
		HideSolutionNode = FALSE
	EndGlobalSection
	GlobalSection(ExtensibilityGlobals) = postSolution
		SolutionGuid = {28D01E57-6291-4BA4-BAEC-DA88E0505E7B}
	EndGlobalSection
EndGlobal
